
Microsoft Visual Studio Solution File, Format Version 12.00
# Visual Studio Version 17
VisualStudioVersion = 17.14.36518.9 d17.14
MinimumVisualStudioVersion = 10.0.40219.1
Project("{FAE04EC0-301F-11D3-BF4B-00C04F79EFBC}") = "Polymorphism,Abstraction, Interface, Namespace, DLL", "Polymorphism,Abstraction, Interface, Namespace, DLL.csproj", "{19CDA7E7-A27C-4C07-9D5E-C8917F6FD558}"
EndProject
Global
	GlobalSection(SolutionConfigurationPlatforms) = preSolution
		Debug|Any CPU = Debug|Any CPU
		Release|Any CPU = Release|Any CPU
	EndGlobalSection
	GlobalSection(ProjectConfigurationPlatforms) = postSolution
		{19CDA7E7-A27C-4C07-9D5E-C8917F6FD558}.Debug|Any CPU.ActiveCfg = Debug|Any CPU
		{19CDA7E7-A27C-4C07-9D5E-C8917F6FD558}.Debug|Any CPU.Build.0 = Debug|Any CPU
		{19CDA7E7-A27C-4C07-9D5E-C8917F6FD558}.Release|Any CPU.ActiveCfg = Release|Any CPU
		{19CDA7E7-A27C-4C07-9D5E-C8917F6FD558}.Release|Any CPU.Build.0 = Release|Any CPU
	EndGlobalSection
	GlobalSection(SolutionProperties) = preSolution
		HideSolutionNode = FALSE
	EndGlobalSection
	GlobalSection(ExtensibilityGlobals) = postSolution
		SolutionGuid = {C14F5AB9-063E-4A9F-A6F0-03DBDE0B333B}
	EndGlobalSection
EndGlobal
