
Microsoft Visual Studio Solution File, Format Version 12.00
# Visual Studio Version 17
VisualStudioVersion = 17.14.36518.9 d17.14
MinimumVisualStudioVersion = 10.0.40219.1
Project("{FAE04EC0-301F-11D3-BF4B-00C04F79EFBC}") = "Generics, Operator overloading", "Generics, Operator overloading.csproj", "{48E1DF8F-1E8F-453D-B602-08BE38958BA4}"
EndProject
Global
	GlobalSection(SolutionConfigurationPlatforms) = preSolution
		Debug|Any CPU = Debug|Any CPU
		Release|Any CPU = Release|Any CPU
	EndGlobalSection
	GlobalSection(ProjectConfigurationPlatforms) = postSolution
		{48E1DF8F-1E8F-453D-B602-08BE38958BA4}.Debug|Any CPU.ActiveCfg = Debug|Any CPU
		{48E1DF8F-1E8F-453D-B602-08BE38958BA4}.Debug|Any CPU.Build.0 = Debug|Any CPU
		{48E1DF8F-1E8F-453D-B602-08BE38958BA4}.Release|Any CPU.ActiveCfg = Release|Any CPU
		{48E1DF8F-1E8F-453D-B602-08BE38958BA4}.Release|Any CPU.Build.0 = Release|Any CPU
	EndGlobalSection
	GlobalSection(SolutionProperties) = preSolution
		HideSolutionNode = FALSE
	EndGlobalSection
	GlobalSection(ExtensibilityGlobals) = postSolution
		SolutionGuid = {B91C50C9-0E30-4BE2-AD24-E26A3B23F020}
	EndGlobalSection
EndGlobal
