
Microsoft Visual Studio Solution File, Format Version 12.00
# Visual Studio Version 17
VisualStudioVersion = 17.14.36518.9 d17.14
MinimumVisualStudioVersion = 10.0.40219.1
Project("{FAE04EC0-301F-11D3-BF4B-00C04F79EFBC}") = "Upcasting,Params,Enum,Struct,Nullable", "Upcasting,Params,Enum,Struct,Nullable.csproj", "{5A351F64-6233-479E-A1D9-FE5D18A32C74}"
EndProject
Global
	GlobalSection(SolutionConfigurationPlatforms) = preSolution
		Debug|Any CPU = Debug|Any CPU
		Release|Any CPU = Release|Any CPU
	EndGlobalSection
	GlobalSection(ProjectConfigurationPlatforms) = postSolution
		{5A351F64-6233-479E-A1D9-FE5D18A32C74}.Debug|Any CPU.ActiveCfg = Debug|Any CPU
		{5A351F64-6233-479E-A1D9-FE5D18A32C74}.Debug|Any CPU.Build.0 = Debug|Any CPU
		{5A351F64-6233-479E-A1D9-FE5D18A32C74}.Release|Any CPU.ActiveCfg = Release|Any CPU
		{5A351F64-6233-479E-A1D9-FE5D18A32C74}.Release|Any CPU.Build.0 = Release|Any CPU
	EndGlobalSection
	GlobalSection(SolutionProperties) = preSolution
		HideSolutionNode = FALSE
	EndGlobalSection
	GlobalSection(ExtensibilityGlobals) = postSolution
		SolutionGuid = {F0F3730D-B2F0-462E-9885-2CFFE956549E}
	EndGlobalSection
EndGlobal
